
Microsoft Visual Studio Solution File, Format Version 12.00
# Visual Studio Version 17
VisualStudioVersion = 17.9.34728.123
MinimumVisualStudioVersion = 10.0.40219.1
Project("{FAE04EC0-301F-11D3-BF4B-00C04F79EFBC}") = "Menor e Maioridade", "Menor e Maioridade\Menor e Maioridade.csproj", "{63717B3C-1454-4C51-AF2A-50D0F8D60D9C}"
EndProject
Global
	GlobalSection(SolutionConfigurationPlatforms) = preSolution
		Debug|Any CPU = Debug|Any CPU
		Release|Any CPU = Release|Any CPU
	EndGlobalSection
	GlobalSection(ProjectConfigurationPlatforms) = postSolution
		{63717B3C-1454-4C51-AF2A-50D0F8D60D9C}.Debug|Any CPU.ActiveCfg = Debug|Any CPU
		{63717B3C-1454-4C51-AF2A-50D0F8D60D9C}.Debug|Any CPU.Build.0 = Debug|Any CPU
		{63717B3C-1454-4C51-AF2A-50D0F8D60D9C}.Release|Any CPU.ActiveCfg = Release|Any CPU
		{63717B3C-1454-4C51-AF2A-50D0F8D60D9C}.Release|Any CPU.Build.0 = Release|Any CPU
	EndGlobalSection
	GlobalSection(SolutionProperties) = preSolution
		HideSolutionNode = FALSE
	EndGlobalSection
	GlobalSection(ExtensibilityGlobals) = postSolution
		SolutionGuid = {60EFBF5C-5E27-4869-841D-2B9563640A34}
	EndGlobalSection
EndGlobal
